
Microsoft Visual Studio Solution File, Format Version 12.00
Project("{2150E333-8FDC-42A3-9474-1A3956D46DE8}") = "src", "src", "{B310CF3B-D270-4B30-B8D6-CB3277648D62}"
EndProject
Project("{2150E333-8FDC-42A3-9474-1A3956D46DE8}") = "tests", "tests", "{69042D4D-17CE-4E2E-AD2C-01FD33EE4119}"
EndProject
Project("{FAE04EC0-301F-11D3-BF4B-00C04F79EFBC}") = "Application", "Application\Application.csproj", "{0C02D19D-AA13-400B-9B17-CC3AA37B5DD5}"
EndProject
Project("{FAE04EC0-301F-11D3-BF4B-00C04F79EFBC}") = "Infrastructure", "Infrastructure\Infrastructure.csproj", "{CC56D539-FA36-4FCF-A0C7-3182B0FAF518}"
EndProject
Project("{FAE04EC0-301F-11D3-BF4B-00C04F79EFBC}") = "Domain", "Domain\Domain.csproj", "{FFB3E4E4-1466-4581-89C7-DC67F2CA1728}"
EndProject
Project("{FAE04EC0-301F-11D3-BF4B-00C04F79EFBC}") = "Web", "Web\Web.csproj", "{2C43C509-CBB0-4A84-88D9-0F145E935ABE}"
EndProject
Project("{FAE04EC0-301F-11D3-BF4B-00C04F79EFBC}") = "Application.UnitTests", "Application.UnitTests\Application.UnitTests.csproj", "{2E855E23-E0EF-44DD-8D4B-99F7625E7A0B}"
EndProject
Global
	GlobalSection(SolutionConfigurationPlatforms) = preSolution
		Debug|Any CPU = Debug|Any CPU
		Release|Any CPU = Release|Any CPU
	EndGlobalSection
	GlobalSection(NestedProjects) = preSolution
		{0C02D19D-AA13-400B-9B17-CC3AA37B5DD5} = {B310CF3B-D270-4B30-B8D6-CB3277648D62}
		{FFB3E4E4-1466-4581-89C7-DC67F2CA1728} = {B310CF3B-D270-4B30-B8D6-CB3277648D62}
		{CC56D539-FA36-4FCF-A0C7-3182B0FAF518} = {B310CF3B-D270-4B30-B8D6-CB3277648D62}
		{2C43C509-CBB0-4A84-88D9-0F145E935ABE} = {B310CF3B-D270-4B30-B8D6-CB3277648D62}
		{2E855E23-E0EF-44DD-8D4B-99F7625E7A0B} = {69042D4D-17CE-4E2E-AD2C-01FD33EE4119}
	EndGlobalSection
	GlobalSection(ProjectConfigurationPlatforms) = postSolution
		{0C02D19D-AA13-400B-9B17-CC3AA37B5DD5}.Debug|Any CPU.ActiveCfg = Debug|Any CPU
		{0C02D19D-AA13-400B-9B17-CC3AA37B5DD5}.Debug|Any CPU.Build.0 = Debug|Any CPU
		{0C02D19D-AA13-400B-9B17-CC3AA37B5DD5}.Release|Any CPU.ActiveCfg = Release|Any CPU
		{0C02D19D-AA13-400B-9B17-CC3AA37B5DD5}.Release|Any CPU.Build.0 = Release|Any CPU
		{CC56D539-FA36-4FCF-A0C7-3182B0FAF518}.Debug|Any CPU.ActiveCfg = Debug|Any CPU
		{CC56D539-FA36-4FCF-A0C7-3182B0FAF518}.Debug|Any CPU.Build.0 = Debug|Any CPU
		{CC56D539-FA36-4FCF-A0C7-3182B0FAF518}.Release|Any CPU.ActiveCfg = Release|Any CPU
		{CC56D539-FA36-4FCF-A0C7-3182B0FAF518}.Release|Any CPU.Build.0 = Release|Any CPU
		{FFB3E4E4-1466-4581-89C7-DC67F2CA1728}.Debug|Any CPU.ActiveCfg = Debug|Any CPU
		{FFB3E4E4-1466-4581-89C7-DC67F2CA1728}.Debug|Any CPU.Build.0 = Debug|Any CPU
		{FFB3E4E4-1466-4581-89C7-DC67F2CA1728}.Release|Any CPU.ActiveCfg = Release|Any CPU
		{FFB3E4E4-1466-4581-89C7-DC67F2CA1728}.Release|Any CPU.Build.0 = Release|Any CPU
		{2C43C509-CBB0-4A84-88D9-0F145E935ABE}.Debug|Any CPU.ActiveCfg = Debug|Any CPU
		{2C43C509-CBB0-4A84-88D9-0F145E935ABE}.Debug|Any CPU.Build.0 = Debug|Any CPU
		{2C43C509-CBB0-4A84-88D9-0F145E935ABE}.Release|Any CPU.ActiveCfg = Release|Any CPU
		{2C43C509-CBB0-4A84-88D9-0F145E935ABE}.Release|Any CPU.Build.0 = Release|Any CPU
		{2E855E23-E0EF-44DD-8D4B-99F7625E7A0B}.Debug|Any CPU.ActiveCfg = Debug|Any CPU
		{2E855E23-E0EF-44DD-8D4B-99F7625E7A0B}.Debug|Any CPU.Build.0 = Debug|Any CPU
		{2E855E23-E0EF-44DD-8D4B-99F7625E7A0B}.Release|Any CPU.ActiveCfg = Release|Any CPU
		{2E855E23-E0EF-44DD-8D4B-99F7625E7A0B}.Release|Any CPU.Build.0 = Release|Any CPU
	EndGlobalSection
EndGlobal
